
Microsoft Visual Studio Solution File, Format Version 12.00
# Visual Studio Version 17
VisualStudioVersion = 17.1.32228.430
MinimumVisualStudioVersion = 10.0.40219.1
Project("{FAE04EC0-301F-11D3-BF4B-00C04F79EFBC}") = "StringCalculatorKata", "StringCalculatorKata\StringCalculatorKata.csproj", "{105467D8-25DB-48EA-AA4B-ABFDDB24390E}"
EndProject
Global
	GlobalSection(SolutionConfigurationPlatforms) = preSolution
		Debug|Any CPU = Debug|Any CPU
		Release|Any CPU = Release|Any CPU
	EndGlobalSection
	GlobalSection(ProjectConfigurationPlatforms) = postSolution
		{105467D8-25DB-48EA-AA4B-ABFDDB24390E}.Debug|Any CPU.ActiveCfg = Debug|Any CPU
		{105467D8-25DB-48EA-AA4B-ABFDDB24390E}.Debug|Any CPU.Build.0 = Debug|Any CPU
		{105467D8-25DB-48EA-AA4B-ABFDDB24390E}.Release|Any CPU.ActiveCfg = Release|Any CPU
		{105467D8-25DB-48EA-AA4B-ABFDDB24390E}.Release|Any CPU.Build.0 = Release|Any CPU
	EndGlobalSection
	GlobalSection(SolutionProperties) = preSolution
		HideSolutionNode = FALSE
	EndGlobalSection
	GlobalSection(ExtensibilityGlobals) = postSolution
		SolutionGuid = {D751A19F-36D2-4ABE-81CC-8345457CFF5D}
	EndGlobalSection
EndGlobal
